
Microsoft Visual Studio Solution File, Format Version 12.00
# Visual Studio Version 17
VisualStudioVersion = 17.5.33530.505
MinimumVisualStudioVersion = 10.0.40219.1
Project("{FAE04EC0-301F-11D3-BF4B-00C04F79EFBC}") = "UniDKIT", "UniDKIT\UniDKIT.csproj", "{3635D0AE-0EF8-44B0-ADB4-AB2E8B317022}"
EndProject
Global
	GlobalSection(SolutionConfigurationPlatforms) = preSolution
		Debug|Any CPU = Debug|Any CPU
		Release|Any CPU = Release|Any CPU
	EndGlobalSection
	GlobalSection(ProjectConfigurationPlatforms) = postSolution
		{3635D0AE-0EF8-44B0-ADB4-AB2E8B317022}.Debug|Any CPU.ActiveCfg = Debug|Any CPU
		{3635D0AE-0EF8-44B0-ADB4-AB2E8B317022}.Debug|Any CPU.Build.0 = Debug|Any CPU
		{3635D0AE-0EF8-44B0-ADB4-AB2E8B317022}.Release|Any CPU.ActiveCfg = Release|Any CPU
		{3635D0AE-0EF8-44B0-ADB4-AB2E8B317022}.Release|Any CPU.Build.0 = Release|Any CPU
	EndGlobalSection
	GlobalSection(SolutionProperties) = preSolution
		HideSolutionNode = FALSE
	EndGlobalSection
	GlobalSection(ExtensibilityGlobals) = postSolution
		SolutionGuid = {A0649974-4984-42E5-900A-CF005676D055}
	EndGlobalSection
EndGlobal
